
Microsoft Visual Studio Solution File, Format Version 12.00
# Visual Studio Version 17
VisualStudioVersion = 17.0.32014.148
MinimumVisualStudioVersion = 10.0.40219.1
Project("{FAE04EC0-301F-11D3-BF4B-00C04F79EFBC}") = "ATM", "ATM\ATM.csproj", "{EC7E6A29-66D5-413C-943B-CD2E912173AB}"
EndProject
Global
	GlobalSection(SolutionConfigurationPlatforms) = preSolution
		Debug|Any CPU = Debug|Any CPU
		Release|Any CPU = Release|Any CPU
	EndGlobalSection
	GlobalSection(ProjectConfigurationPlatforms) = postSolution
		{EC7E6A29-66D5-413C-943B-CD2E912173AB}.Debug|Any CPU.ActiveCfg = Debug|Any CPU
		{EC7E6A29-66D5-413C-943B-CD2E912173AB}.Debug|Any CPU.Build.0 = Debug|Any CPU
		{EC7E6A29-66D5-413C-943B-CD2E912173AB}.Release|Any CPU.ActiveCfg = Release|Any CPU
		{EC7E6A29-66D5-413C-943B-CD2E912173AB}.Release|Any CPU.Build.0 = Release|Any CPU
	EndGlobalSection
	GlobalSection(SolutionProperties) = preSolution
		HideSolutionNode = FALSE
	EndGlobalSection
	GlobalSection(ExtensibilityGlobals) = postSolution
		SolutionGuid = {051B62CB-64C6-4E6A-9DDE-A6BB536EF2EE}
	EndGlobalSection
EndGlobal
